
Microsoft Visual Studio Solution File, Format Version 12.00
# Visual Studio Version 17
VisualStudioVersion = 17.5.33516.290
MinimumVisualStudioVersion = 10.0.40219.1
Project("{2150E333-8FDC-42A3-9474-1A3956D46DE8}") = "SRC", "SRC", "{0445F231-5825-42F4-A624-47884DF63D98}"
EndProject
Project("{2150E333-8FDC-42A3-9474-1A3956D46DE8}") = "01.tiedita.RDN", "01.tiedita.RDN", "{19A1A306-2AD3-4D5D-976C-B5F399A0FEFE}"
EndProject
Project("{9A19103F-16F7-4668-BE54-9A1E7A4F7556}") = "Tiendita.Entity", "reglasdenegocio\Tiendita.Entity.csproj", "{1ECDDD46-9C51-4F9B-B30B-286C34DBC32E}"
EndProject
Project("{2150E333-8FDC-42A3-9474-1A3956D46DE8}") = "00.Core", "00.Core", "{7FA624A6-C9F0-4488-8E36-3FBDD2CF245B}"
EndProject
Project("{2150E333-8FDC-42A3-9474-1A3956D46DE8}") = "02.AplicacionReglasDeNegocio", "02.AplicacionReglasDeNegocio", "{F066BBA0-1F4F-4CE4-B2D5-50C5E0A7A256}"
EndProject
Project("{2150E333-8FDC-42A3-9474-1A3956D46DE8}") = "ObjetosDeNegocio", "ObjetosDeNegocio", "{AB4DA3EF-B11A-49DD-BEF2-3E0A91F0BC63}"
EndProject
Project("{2150E333-8FDC-42A3-9474-1A3956D46DE8}") = "CasosdeUsos", "CasosdeUsos", "{BC0FD645-4F3C-478C-B4DD-24B143846776}"
EndProject
Project("{9A19103F-16F7-4668-BE54-9A1E7A4F7556}") = "Tiendita.ReglasdeNegocio", "Tiendita.ReglasdeNegocio\Tiendita.ReglasdeNegocio.csproj", "{33A58361-4304-42C6-A616-0A97D6D1C9A4}"
EndProject
Project("{2150E333-8FDC-42A3-9474-1A3956D46DE8}") = "03.AdaptadorDeInterfaz", "03.AdaptadorDeInterfaz", "{73F37DCE-60B8-4261-AF01-DFDC5F776D21}"
EndProject
Project("{2150E333-8FDC-42A3-9474-1A3956D46DE8}") = "04.Frameworks&Drivers", "04.Frameworks&Drivers", "{DDB0EE87-0F04-409A-B87E-8D824F8DF5B7}"
EndProject
Project("{2150E333-8FDC-42A3-9474-1A3956D46DE8}") = "controladores", "controladores", "{BA242764-1398-4857-AC03-A241086E16F6}"
EndProject
Project("{2150E333-8FDC-42A3-9474-1A3956D46DE8}") = "InversionDependencia", "InversionDependencia", "{0C24F38D-53BF-4CED-8B77-497D8447B34B}"
EndProject
Project("{2150E333-8FDC-42A3-9474-1A3956D46DE8}") = "Gateways", "Gateways", "{67E89942-ADDB-4F23-BE0B-692417EEB492}"
EndProject
Project("{2150E333-8FDC-42A3-9474-1A3956D46DE8}") = "Presentadores", "Presentadores", "{41A5501F-D0D7-4619-AEDB-8908C13ED90B}"
EndProject
Project("{2150E333-8FDC-42A3-9474-1A3956D46DE8}") = "WebApi", "WebApi", "{5EB62B2B-7DAB-471C-B0AD-35EF73DE911A}"
EndProject
Project("{9A19103F-16F7-4668-BE54-9A1E7A4F7556}") = "CasosDeUso", "CasosDeUso\CasosDeUso.csproj", "{3EC19BC5-68F2-4836-8528-D0A7A0BF2802}"
EndProject
Project("{9A19103F-16F7-4668-BE54-9A1E7A4F7556}") = "Presentador", "Presentador\Presentador.csproj", "{6552F4EC-E037-464C-8D75-121DD41FC028}"
	ProjectSection(ProjectDependencies) = postProject
		{33A58361-4304-42C6-A616-0A97D6D1C9A4} = {33A58361-4304-42C6-A616-0A97D6D1C9A4}
		{6AAB0DCE-D8B7-4C8A-9643-016DFCAE305D} = {6AAB0DCE-D8B7-4C8A-9643-016DFCAE305D}
	EndProjectSection
EndProject
Project("{9A19103F-16F7-4668-BE54-9A1E7A4F7556}") = "Tiendita.Controladores", "Tiendita.Controladores\Tiendita.Controladores.csproj", "{F9786F7E-86A5-411A-87A1-4A0A30A148F3}"
	ProjectSection(ProjectDependencies) = postProject
		{33A58361-4304-42C6-A616-0A97D6D1C9A4} = {33A58361-4304-42C6-A616-0A97D6D1C9A4}
	EndProjectSection
EndProject
Project("{9A19103F-16F7-4668-BE54-9A1E7A4F7556}") = "InversionDependencia.cs", "InversionDependencia.cs\InversionDependencia.cs.csproj", "{C12E99E8-8E3B-4EA5-ADEB-50F9D29ED5EF}"
	ProjectSection(ProjectDependencies) = postProject
		{3EC19BC5-68F2-4836-8528-D0A7A0BF2802} = {3EC19BC5-68F2-4836-8528-D0A7A0BF2802}
		{6552F4EC-E037-464C-8D75-121DD41FC028} = {6552F4EC-E037-464C-8D75-121DD41FC028}
		{6AAB0DCE-D8B7-4C8A-9643-016DFCAE305D} = {6AAB0DCE-D8B7-4C8A-9643-016DFCAE305D}
		{F9786F7E-86A5-411A-87A1-4A0A30A148F3} = {F9786F7E-86A5-411A-87A1-4A0A30A148F3}
	EndProjectSection
EndProject
Project("{2150E333-8FDC-42A3-9474-1A3956D46DE8}") = "Repositorio", "Repositorio", "{DBF3B02E-0F90-4D29-8620-FF6E041166F8}"
EndProject
Project("{9A19103F-16F7-4668-BE54-9A1E7A4F7556}") = "Tiendita.Repositorio", "Tiendita.Repositorio\Tiendita.Repositorio.csproj", "{6AAB0DCE-D8B7-4C8A-9643-016DFCAE305D}"
EndProject
Project("{FAE04EC0-301F-11D3-BF4B-00C04F79EFBC}") = "Tiendita.WebApi", "Tiendita.WebApi\Tiendita.WebApi.csproj", "{182B6786-27B1-40C9-81EA-DDDB7E4BA81C}"
EndProject
Global
	GlobalSection(SolutionConfigurationPlatforms) = preSolution
		Debug|Any CPU = Debug|Any CPU
		Release|Any CPU = Release|Any CPU
	EndGlobalSection
	GlobalSection(ProjectConfigurationPlatforms) = postSolution
		{1ECDDD46-9C51-4F9B-B30B-286C34DBC32E}.Debug|Any CPU.ActiveCfg = Debug|Any CPU
		{1ECDDD46-9C51-4F9B-B30B-286C34DBC32E}.Debug|Any CPU.Build.0 = Debug|Any CPU
		{1ECDDD46-9C51-4F9B-B30B-286C34DBC32E}.Release|Any CPU.ActiveCfg = Release|Any CPU
		{1ECDDD46-9C51-4F9B-B30B-286C34DBC32E}.Release|Any CPU.Build.0 = Release|Any CPU
		{33A58361-4304-42C6-A616-0A97D6D1C9A4}.Debug|Any CPU.ActiveCfg = Debug|Any CPU
		{33A58361-4304-42C6-A616-0A97D6D1C9A4}.Debug|Any CPU.Build.0 = Debug|Any CPU
		{33A58361-4304-42C6-A616-0A97D6D1C9A4}.Release|Any CPU.ActiveCfg = Release|Any CPU
		{33A58361-4304-42C6-A616-0A97D6D1C9A4}.Release|Any CPU.Build.0 = Release|Any CPU
		{3EC19BC5-68F2-4836-8528-D0A7A0BF2802}.Debug|Any CPU.ActiveCfg = Debug|Any CPU
		{3EC19BC5-68F2-4836-8528-D0A7A0BF2802}.Debug|Any CPU.Build.0 = Debug|Any CPU
		{3EC19BC5-68F2-4836-8528-D0A7A0BF2802}.Release|Any CPU.ActiveCfg = Release|Any CPU
		{3EC19BC5-68F2-4836-8528-D0A7A0BF2802}.Release|Any CPU.Build.0 = Release|Any CPU
		{6552F4EC-E037-464C-8D75-121DD41FC028}.Debug|Any CPU.ActiveCfg = Debug|Any CPU
		{6552F4EC-E037-464C-8D75-121DD41FC028}.Debug|Any CPU.Build.0 = Debug|Any CPU
		{6552F4EC-E037-464C-8D75-121DD41FC028}.Release|Any CPU.ActiveCfg = Release|Any CPU
		{6552F4EC-E037-464C-8D75-121DD41FC028}.Release|Any CPU.Build.0 = Release|Any CPU
		{F9786F7E-86A5-411A-87A1-4A0A30A148F3}.Debug|Any CPU.ActiveCfg = Debug|Any CPU
		{F9786F7E-86A5-411A-87A1-4A0A30A148F3}.Debug|Any CPU.Build.0 = Debug|Any CPU
		{F9786F7E-86A5-411A-87A1-4A0A30A148F3}.Release|Any CPU.ActiveCfg = Release|Any CPU
		{F9786F7E-86A5-411A-87A1-4A0A30A148F3}.Release|Any CPU.Build.0 = Release|Any CPU
		{C12E99E8-8E3B-4EA5-ADEB-50F9D29ED5EF}.Debug|Any CPU.ActiveCfg = Debug|Any CPU
		{C12E99E8-8E3B-4EA5-ADEB-50F9D29ED5EF}.Debug|Any CPU.Build.0 = Debug|Any CPU
		{C12E99E8-8E3B-4EA5-ADEB-50F9D29ED5EF}.Release|Any CPU.ActiveCfg = Release|Any CPU
		{C12E99E8-8E3B-4EA5-ADEB-50F9D29ED5EF}.Release|Any CPU.Build.0 = Release|Any CPU
		{6AAB0DCE-D8B7-4C8A-9643-016DFCAE305D}.Debug|Any CPU.ActiveCfg = Debug|Any CPU
		{6AAB0DCE-D8B7-4C8A-9643-016DFCAE305D}.Debug|Any CPU.Build.0 = Debug|Any CPU
		{6AAB0DCE-D8B7-4C8A-9643-016DFCAE305D}.Release|Any CPU.ActiveCfg = Release|Any CPU
		{6AAB0DCE-D8B7-4C8A-9643-016DFCAE305D}.Release|Any CPU.Build.0 = Release|Any CPU
		{182B6786-27B1-40C9-81EA-DDDB7E4BA81C}.Debug|Any CPU.ActiveCfg = Debug|Any CPU
		{182B6786-27B1-40C9-81EA-DDDB7E4BA81C}.Debug|Any CPU.Build.0 = Debug|Any CPU
		{182B6786-27B1-40C9-81EA-DDDB7E4BA81C}.Release|Any CPU.ActiveCfg = Release|Any CPU
		{182B6786-27B1-40C9-81EA-DDDB7E4BA81C}.Release|Any CPU.Build.0 = Release|Any CPU
	EndGlobalSection
	GlobalSection(SolutionProperties) = preSolution
		HideSolutionNode = FALSE
	EndGlobalSection
	GlobalSection(NestedProjects) = preSolution
		{19A1A306-2AD3-4D5D-976C-B5F399A0FEFE} = {7FA624A6-C9F0-4488-8E36-3FBDD2CF245B}
		{1ECDDD46-9C51-4F9B-B30B-286C34DBC32E} = {19A1A306-2AD3-4D5D-976C-B5F399A0FEFE}
		{7FA624A6-C9F0-4488-8E36-3FBDD2CF245B} = {0445F231-5825-42F4-A624-47884DF63D98}
		{F066BBA0-1F4F-4CE4-B2D5-50C5E0A7A256} = {7FA624A6-C9F0-4488-8E36-3FBDD2CF245B}
		{AB4DA3EF-B11A-49DD-BEF2-3E0A91F0BC63} = {F066BBA0-1F4F-4CE4-B2D5-50C5E0A7A256}
		{BC0FD645-4F3C-478C-B4DD-24B143846776} = {F066BBA0-1F4F-4CE4-B2D5-50C5E0A7A256}
		{33A58361-4304-42C6-A616-0A97D6D1C9A4} = {AB4DA3EF-B11A-49DD-BEF2-3E0A91F0BC63}
		{73F37DCE-60B8-4261-AF01-DFDC5F776D21} = {0445F231-5825-42F4-A624-47884DF63D98}
		{DDB0EE87-0F04-409A-B87E-8D824F8DF5B7} = {0445F231-5825-42F4-A624-47884DF63D98}
		{BA242764-1398-4857-AC03-A241086E16F6} = {73F37DCE-60B8-4261-AF01-DFDC5F776D21}
		{0C24F38D-53BF-4CED-8B77-497D8447B34B} = {73F37DCE-60B8-4261-AF01-DFDC5F776D21}
		{67E89942-ADDB-4F23-BE0B-692417EEB492} = {73F37DCE-60B8-4261-AF01-DFDC5F776D21}
		{41A5501F-D0D7-4619-AEDB-8908C13ED90B} = {73F37DCE-60B8-4261-AF01-DFDC5F776D21}
		{5EB62B2B-7DAB-471C-B0AD-35EF73DE911A} = {DDB0EE87-0F04-409A-B87E-8D824F8DF5B7}
		{3EC19BC5-68F2-4836-8528-D0A7A0BF2802} = {BC0FD645-4F3C-478C-B4DD-24B143846776}
		{6552F4EC-E037-464C-8D75-121DD41FC028} = {41A5501F-D0D7-4619-AEDB-8908C13ED90B}
		{F9786F7E-86A5-411A-87A1-4A0A30A148F3} = {BA242764-1398-4857-AC03-A241086E16F6}
		{C12E99E8-8E3B-4EA5-ADEB-50F9D29ED5EF} = {0C24F38D-53BF-4CED-8B77-497D8447B34B}
		{DBF3B02E-0F90-4D29-8620-FF6E041166F8} = {67E89942-ADDB-4F23-BE0B-692417EEB492}
		{6AAB0DCE-D8B7-4C8A-9643-016DFCAE305D} = {DBF3B02E-0F90-4D29-8620-FF6E041166F8}
		{182B6786-27B1-40C9-81EA-DDDB7E4BA81C} = {5EB62B2B-7DAB-471C-B0AD-35EF73DE911A}
	EndGlobalSection
	GlobalSection(ExtensibilityGlobals) = postSolution
		SolutionGuid = {5A369D8C-B3C5-413A-818E-1A135C17353A}
	EndGlobalSection
EndGlobal
