
Microsoft Visual Studio Solution File, Format Version 12.00
# Visual Studio Version 17
VisualStudioVersion = 17.5.33516.290
MinimumVisualStudioVersion = 10.0.40219.1
Project("{2150E333-8FDC-42A3-9474-1A3956D46DE8}") = "SRC", "SRC", "{0445F231-5825-42F4-A624-47884DF63D98}"
EndProject
Project("{2150E333-8FDC-42A3-9474-1A3956D46DE8}") = "01.tiedita.RDN", "01.tiedita.RDN", "{19A1A306-2AD3-4D5D-976C-B5F399A0FEFE}"
EndProject
Project("{9A19103F-16F7-4668-BE54-9A1E7A4F7556}") = "Tiendita.Entity", "reglasdenegocio\Tiendita.Entity.csproj", "{1ECDDD46-9C51-4F9B-B30B-286C34DBC32E}"
EndProject
Project("{2150E333-8FDC-42A3-9474-1A3956D46DE8}") = "00.Core", "00.Core", "{7FA624A6-C9F0-4488-8E36-3FBDD2CF245B}"
EndProject
Project("{2150E333-8FDC-42A3-9474-1A3956D46DE8}") = "02.AplicacionReglasDeNegocio", "02.AplicacionReglasDeNegocio", "{F066BBA0-1F4F-4CE4-B2D5-50C5E0A7A256}"
EndProject
Project("{2150E333-8FDC-42A3-9474-1A3956D46DE8}") = "ObjetosDeNegocio", "ObjetosDeNegocio", "{AB4DA3EF-B11A-49DD-BEF2-3E0A91F0BC63}"
EndProject
Project("{2150E333-8FDC-42A3-9474-1A3956D46DE8}") = "CasosdeUsos", "CasosdeUsos", "{BC0FD645-4F3C-478C-B4DD-24B143846776}"
EndProject
Project("{9A19103F-16F7-4668-BE54-9A1E7A4F7556}") = "Tiendita.ReglasdeNegocio", "Tiendita.ReglasdeNegocio\Tiendita.ReglasdeNegocio.csproj", "{33A58361-4304-42C6-A616-0A97D6D1C9A4}"
EndProject
Project("{9A19103F-16F7-4668-BE54-9A1E7A4F7556}") = "Tienda.CasoUsos", "Tienda.CasoUsos\Tienda.CasoUsos.csproj", "{ED58959A-20B9-4B91-AEBD-5D9C9665E379}"
EndProject
Project("{2150E333-8FDC-42A3-9474-1A3956D46DE8}") = "03.AdaptadorInterface", "03.AdaptadorInterface", "{D4E12397-0178-4950-9532-59974AC0E321}"
EndProject
Project("{2150E333-8FDC-42A3-9474-1A3956D46DE8}") = "Controllers", "Controllers", "{83329759-4CD4-431D-B333-35E0C9BAEC99}"
EndProject
Project("{2150E333-8FDC-42A3-9474-1A3956D46DE8}") = "InyeccionDependencia", "InyeccionDependencia", "{C8C7717C-322F-40C2-B57D-1F3A3D9FC1F1}"
EndProject
Project("{2150E333-8FDC-42A3-9474-1A3956D46DE8}") = "Getways", "Getways", "{9C386FA6-086D-4206-8B9D-ABCB14BADA4C}"
EndProject
Project("{2150E333-8FDC-42A3-9474-1A3956D46DE8}") = "Presenters", "Presenters", "{D81493DD-D176-4074-A6F3-358A5326E0BB}"
EndProject
Project("{9A19103F-16F7-4668-BE54-9A1E7A4F7556}") = "Tiendita.Controllers", "Tiendita.Controllers\Tiendita.Controllers.csproj", "{B7D74A74-6EDD-4FEC-BA15-7E19422FCDD5}"
EndProject
Project("{2150E333-8FDC-42A3-9474-1A3956D46DE8}") = "Repository", "Repository", "{23E82D90-CC5B-4E8F-9230-2C41036F4FED}"
EndProject
Project("{9A19103F-16F7-4668-BE54-9A1E7A4F7556}") = "Tiendita.Repository", "Tiendita.Repository\Tiendita.Repository.csproj", "{DB892F7E-8695-4290-AD1C-79E24FF48D44}"
EndProject
Project("{9A19103F-16F7-4668-BE54-9A1E7A4F7556}") = "Tiendita.InyeccionDependecia", "Tiendita.InyeccionDependecia\Tiendita.InyeccionDependecia.csproj", "{A7C5156E-BAD0-4449-A011-62C5A3692845}"
EndProject
Project("{9A19103F-16F7-4668-BE54-9A1E7A4F7556}") = "Tiendita.Presenters", "Tiendita.Presenters\Tiendita.Presenters.csproj", "{413AA359-64FB-4EEE-B7E1-305686A05D62}"
EndProject
Project("{2150E333-8FDC-42A3-9474-1A3956D46DE8}") = "04.Frameworks&Drivers", "04.Frameworks&Drivers", "{9AB9D773-68F5-4A72-97F4-CB2F16ACB3F6}"
EndProject
Project("{2150E333-8FDC-42A3-9474-1A3956D46DE8}") = "WepApi", "WepApi", "{9259197F-B329-456F-B0EC-F8A1D5870E48}"
EndProject
Project("{9A19103F-16F7-4668-BE54-9A1E7A4F7556}") = "Tiendita.WebApi", "Tiendita.WebApi\Tiendita.WebApi.csproj", "{96A717FF-52AF-44CE-812D-825C2DAFEF4B}"
EndProject
Global
	GlobalSection(SolutionConfigurationPlatforms) = preSolution
		Debug|Any CPU = Debug|Any CPU
		Release|Any CPU = Release|Any CPU
	EndGlobalSection
	GlobalSection(ProjectConfigurationPlatforms) = postSolution
		{1ECDDD46-9C51-4F9B-B30B-286C34DBC32E}.Debug|Any CPU.ActiveCfg = Debug|Any CPU
		{1ECDDD46-9C51-4F9B-B30B-286C34DBC32E}.Debug|Any CPU.Build.0 = Debug|Any CPU
		{1ECDDD46-9C51-4F9B-B30B-286C34DBC32E}.Release|Any CPU.ActiveCfg = Release|Any CPU
		{1ECDDD46-9C51-4F9B-B30B-286C34DBC32E}.Release|Any CPU.Build.0 = Release|Any CPU
		{33A58361-4304-42C6-A616-0A97D6D1C9A4}.Debug|Any CPU.ActiveCfg = Debug|Any CPU
		{33A58361-4304-42C6-A616-0A97D6D1C9A4}.Debug|Any CPU.Build.0 = Debug|Any CPU
		{33A58361-4304-42C6-A616-0A97D6D1C9A4}.Release|Any CPU.ActiveCfg = Release|Any CPU
		{33A58361-4304-42C6-A616-0A97D6D1C9A4}.Release|Any CPU.Build.0 = Release|Any CPU
		{ED58959A-20B9-4B91-AEBD-5D9C9665E379}.Debug|Any CPU.ActiveCfg = Debug|Any CPU
		{ED58959A-20B9-4B91-AEBD-5D9C9665E379}.Debug|Any CPU.Build.0 = Debug|Any CPU
		{ED58959A-20B9-4B91-AEBD-5D9C9665E379}.Release|Any CPU.ActiveCfg = Release|Any CPU
		{ED58959A-20B9-4B91-AEBD-5D9C9665E379}.Release|Any CPU.Build.0 = Release|Any CPU
		{B7D74A74-6EDD-4FEC-BA15-7E19422FCDD5}.Debug|Any CPU.ActiveCfg = Debug|Any CPU
		{B7D74A74-6EDD-4FEC-BA15-7E19422FCDD5}.Debug|Any CPU.Build.0 = Debug|Any CPU
		{B7D74A74-6EDD-4FEC-BA15-7E19422FCDD5}.Release|Any CPU.ActiveCfg = Release|Any CPU
		{B7D74A74-6EDD-4FEC-BA15-7E19422FCDD5}.Release|Any CPU.Build.0 = Release|Any CPU
		{DB892F7E-8695-4290-AD1C-79E24FF48D44}.Debug|Any CPU.ActiveCfg = Debug|Any CPU
		{DB892F7E-8695-4290-AD1C-79E24FF48D44}.Debug|Any CPU.Build.0 = Debug|Any CPU
		{DB892F7E-8695-4290-AD1C-79E24FF48D44}.Release|Any CPU.ActiveCfg = Release|Any CPU
		{DB892F7E-8695-4290-AD1C-79E24FF48D44}.Release|Any CPU.Build.0 = Release|Any CPU
		{A7C5156E-BAD0-4449-A011-62C5A3692845}.Debug|Any CPU.ActiveCfg = Debug|Any CPU
		{A7C5156E-BAD0-4449-A011-62C5A3692845}.Debug|Any CPU.Build.0 = Debug|Any CPU
		{A7C5156E-BAD0-4449-A011-62C5A3692845}.Release|Any CPU.ActiveCfg = Release|Any CPU
		{A7C5156E-BAD0-4449-A011-62C5A3692845}.Release|Any CPU.Build.0 = Release|Any CPU
		{413AA359-64FB-4EEE-B7E1-305686A05D62}.Debug|Any CPU.ActiveCfg = Debug|Any CPU
		{413AA359-64FB-4EEE-B7E1-305686A05D62}.Debug|Any CPU.Build.0 = Debug|Any CPU
		{413AA359-64FB-4EEE-B7E1-305686A05D62}.Release|Any CPU.ActiveCfg = Release|Any CPU
		{413AA359-64FB-4EEE-B7E1-305686A05D62}.Release|Any CPU.Build.0 = Release|Any CPU
		{96A717FF-52AF-44CE-812D-825C2DAFEF4B}.Debug|Any CPU.ActiveCfg = Debug|Any CPU
		{96A717FF-52AF-44CE-812D-825C2DAFEF4B}.Debug|Any CPU.Build.0 = Debug|Any CPU
		{96A717FF-52AF-44CE-812D-825C2DAFEF4B}.Release|Any CPU.ActiveCfg = Release|Any CPU
		{96A717FF-52AF-44CE-812D-825C2DAFEF4B}.Release|Any CPU.Build.0 = Release|Any CPU
	EndGlobalSection
	GlobalSection(SolutionProperties) = preSolution
		HideSolutionNode = FALSE
	EndGlobalSection
	GlobalSection(NestedProjects) = preSolution
		{19A1A306-2AD3-4D5D-976C-B5F399A0FEFE} = {7FA624A6-C9F0-4488-8E36-3FBDD2CF245B}
		{1ECDDD46-9C51-4F9B-B30B-286C34DBC32E} = {19A1A306-2AD3-4D5D-976C-B5F399A0FEFE}
		{7FA624A6-C9F0-4488-8E36-3FBDD2CF245B} = {0445F231-5825-42F4-A624-47884DF63D98}
		{F066BBA0-1F4F-4CE4-B2D5-50C5E0A7A256} = {7FA624A6-C9F0-4488-8E36-3FBDD2CF245B}
		{AB4DA3EF-B11A-49DD-BEF2-3E0A91F0BC63} = {F066BBA0-1F4F-4CE4-B2D5-50C5E0A7A256}
		{BC0FD645-4F3C-478C-B4DD-24B143846776} = {F066BBA0-1F4F-4CE4-B2D5-50C5E0A7A256}
		{33A58361-4304-42C6-A616-0A97D6D1C9A4} = {AB4DA3EF-B11A-49DD-BEF2-3E0A91F0BC63}
		{ED58959A-20B9-4B91-AEBD-5D9C9665E379} = {BC0FD645-4F3C-478C-B4DD-24B143846776}
		{D4E12397-0178-4950-9532-59974AC0E321} = {0445F231-5825-42F4-A624-47884DF63D98}
		{83329759-4CD4-431D-B333-35E0C9BAEC99} = {D4E12397-0178-4950-9532-59974AC0E321}
		{C8C7717C-322F-40C2-B57D-1F3A3D9FC1F1} = {D4E12397-0178-4950-9532-59974AC0E321}
		{9C386FA6-086D-4206-8B9D-ABCB14BADA4C} = {D4E12397-0178-4950-9532-59974AC0E321}
		{D81493DD-D176-4074-A6F3-358A5326E0BB} = {D4E12397-0178-4950-9532-59974AC0E321}
		{B7D74A74-6EDD-4FEC-BA15-7E19422FCDD5} = {83329759-4CD4-431D-B333-35E0C9BAEC99}
		{23E82D90-CC5B-4E8F-9230-2C41036F4FED} = {9C386FA6-086D-4206-8B9D-ABCB14BADA4C}
		{DB892F7E-8695-4290-AD1C-79E24FF48D44} = {23E82D90-CC5B-4E8F-9230-2C41036F4FED}
		{A7C5156E-BAD0-4449-A011-62C5A3692845} = {C8C7717C-322F-40C2-B57D-1F3A3D9FC1F1}
		{413AA359-64FB-4EEE-B7E1-305686A05D62} = {D81493DD-D176-4074-A6F3-358A5326E0BB}
		{9AB9D773-68F5-4A72-97F4-CB2F16ACB3F6} = {0445F231-5825-42F4-A624-47884DF63D98}
		{9259197F-B329-456F-B0EC-F8A1D5870E48} = {9AB9D773-68F5-4A72-97F4-CB2F16ACB3F6}
		{96A717FF-52AF-44CE-812D-825C2DAFEF4B} = {9259197F-B329-456F-B0EC-F8A1D5870E48}
	EndGlobalSection
	GlobalSection(ExtensibilityGlobals) = postSolution
		SolutionGuid = {5A369D8C-B3C5-413A-818E-1A135C17353A}
	EndGlobalSection
EndGlobal
